// !$*UTF8*$!
{
	archiveVersion = 1;
	classes = {
	};
	objectVersion = 46;
	objects = {

/* Begin PBXBuildFile section */
		EB90142A1E5A96D900C2615C /* DDPageManager.m in Sources */ = {isa = PBXBuildFile; fileRef = EB9014291E5A96D900C2615C /* DDPageManager.m */; };
		EB90142B1E5A96D900C2615C /* DDPageManager.m in Sources */ = {isa = PBXBuildFile; fileRef = EB9014291E5A96D900C2615C /* DDPageManager.m */; };
		EB90142E1E5A98AD00C2615C /* DDPageMetaInfo.m in Sources */ = {isa = PBXBuildFile; fileRef = EB90142D1E5A98AD00C2615C /* DDPageMetaInfo.m */; };
		EB90142F1E5A98AD00C2615C /* DDPageMetaInfo.m in Sources */ = {isa = PBXBuildFile; fileRef = EB90142D1E5A98AD00C2615C /* DDPageMetaInfo.m */; };
		EB9014321E5A98BC00C2615C /* DDPageMap.m in Sources */ = {isa = PBXBuildFile; fileRef = EB9014311E5A98BC00C2615C /* DDPageMap.m */; };
		EB9014331E5A98BC00C2615C /* DDPageMap.m in Sources */ = {isa = PBXBuildFile; fileRef = EB9014311E5A98BC00C2615C /* DDPageMap.m */; };
		EB9014361E5A99E200C2615C /* NSDictionary+ddframework.m in Sources */ = {isa = PBXBuildFile; fileRef = EB9014351E5A99E200C2615C /* NSDictionary+ddframework.m */; };
		EB9014371E5A99E200C2615C /* NSDictionary+ddframework.m in Sources */ = {isa = PBXBuildFile; fileRef = EB9014351E5A99E200C2615C /* NSDictionary+ddframework.m */; };
		EBD191CD1E56CC7600420B35 /* main.m in Sources */ = {isa = PBXBuildFile; fileRef = EBD191CC1E56CC7600420B35 /* main.m */; };
		EBD191D01E56CC7600420B35 /* AppDelegate.m in Sources */ = {isa = PBXBuildFile; fileRef = EBD191CF1E56CC7600420B35 /* AppDelegate.m */; };
		EBD191D31E56CC7600420B35 /* ViewController.m in Sources */ = {isa = PBXBuildFile; fileRef = EBD191D21E56CC7600420B35 /* ViewController.m */; };
		EBD191D61E56CC7600420B35 /* Main.storyboard in Resources */ = {isa = PBXBuildFile; fileRef = EBD191D41E56CC7600420B35 /* Main.storyboard */; };
		EBD191D81E56CC7600420B35 /* Assets.xcassets in Resources */ = {isa = PBXBuildFile; fileRef = EBD191D71E56CC7600420B35 /* Assets.xcassets */; };
		EBD191DB1E56CC7600420B35 /* LaunchScreen.storyboard in Resources */ = {isa = PBXBuildFile; fileRef = EBD191D91E56CC7600420B35 /* LaunchScreen.storyboard */; };
		EBD191E61E56CC7600420B35 /* OCStartupTests.m in Sources */ = {isa = PBXBuildFile; fileRef = EBD191E51E56CC7600420B35 /* OCStartupTests.m */; };
		EBD1920C1E56D82800420B35 /* Aspects.m in Sources */ = {isa = PBXBuildFile; fileRef = EBD1920B1E56D82800420B35 /* Aspects.m */; };
		EBD1920D1E56D82800420B35 /* Aspects.m in Sources */ = {isa = PBXBuildFile; fileRef = EBD1920B1E56D82800420B35 /* Aspects.m */; };
		EBD192101E56D84200420B35 /* DDUtility.m in Sources */ = {isa = PBXBuildFile; fileRef = EBD1920F1E56D84200420B35 /* DDUtility.m */; };
		EBD192111E56D84200420B35 /* DDUtility.m in Sources */ = {isa = PBXBuildFile; fileRef = EBD1920F1E56D84200420B35 /* DDUtility.m */; };
		EBD192141E56D8B700420B35 /* DDDataManager.m in Sources */ = {isa = PBXBuildFile; fileRef = EBD192131E56D8B700420B35 /* DDDataManager.m */; };
		EBD192151E56D8B700420B35 /* DDDataManager.m in Sources */ = {isa = PBXBuildFile; fileRef = EBD192131E56D8B700420B35 /* DDDataManager.m */; };
		EBD192181E56D8C600420B35 /* DDBaseModel.m in Sources */ = {isa = PBXBuildFile; fileRef = EBD192171E56D8C600420B35 /* DDBaseModel.m */; };
		EBD192191E56D8C600420B35 /* DDBaseModel.m in Sources */ = {isa = PBXBuildFile; fileRef = EBD192171E56D8C600420B35 /* DDBaseModel.m */; };
		EBD1921C1E56D90400420B35 /* DDNetwork.m in Sources */ = {isa = PBXBuildFile; fileRef = EBD1921B1E56D90400420B35 /* DDNetwork.m */; };
		EBD1921D1E56D90400420B35 /* DDNetwork.m in Sources */ = {isa = PBXBuildFile; fileRef = EBD1921B1E56D90400420B35 /* DDNetwork.m */; };
		EBD192201E56D94200420B35 /* DDHttpManager.m in Sources */ = {isa = PBXBuildFile; fileRef = EBD1921F1E56D94200420B35 /* DDHttpManager.m */; };
		EBD192211E56D94200420B35 /* DDHttpManager.m in Sources */ = {isa = PBXBuildFile; fileRef = EBD1921F1E56D94200420B35 /* DDHttpManager.m */; };
		EBD192271E56D98200420B35 /* DDBaseController.m in Sources */ = {isa = PBXBuildFile; fileRef = EBD192261E56D98200420B35 /* DDBaseController.m */; };
		EBD192281E56D98200420B35 /* DDBaseController.m in Sources */ = {isa = PBXBuildFile; fileRef = EBD192261E56D98200420B35 /* DDBaseController.m */; };
		EBD1922B1E56D9BC00420B35 /* DDTableViewCell.m in Sources */ = {isa = PBXBuildFile; fileRef = EBD1922A1E56D9BC00420B35 /* DDTableViewCell.m */; };
		EBD1922C1E56D9BC00420B35 /* DDTableViewCell.m in Sources */ = {isa = PBXBuildFile; fileRef = EBD1922A1E56D9BC00420B35 /* DDTableViewCell.m */; };
		EBD1922F1E56DA1100420B35 /* DDWebViewController.m in Sources */ = {isa = PBXBuildFile; fileRef = EBD1922E1E56DA1100420B35 /* DDWebViewController.m */; };
		EBD192301E56DA1100420B35 /* DDWebViewController.m in Sources */ = {isa = PBXBuildFile; fileRef = EBD1922E1E56DA1100420B35 /* DDWebViewController.m */; };
/* End PBXBuildFile section */

/* Begin PBXContainerItemProxy section */
		EBD191E21E56CC7600420B35 /* PBXContainerItemProxy */ = {
			isa = PBXContainerItemProxy;
			containerPortal = EBD191C01E56CC7600420B35 /* Project object */;
			proxyType = 1;
			remoteGlobalIDString = EBD191C71E56CC7600420B35;
			remoteInfo = OCStartup;
		};
/* End PBXContainerItemProxy section */

/* Begin PBXFileReference section */
		EB9014281E5A96D900C2615C /* DDPageManager.h */ = {isa = PBXFileReference; fileEncoding = 4; lastKnownFileType = sourcecode.c.h; path = DDPageManager.h; sourceTree = "<group>"; };
		EB9014291E5A96D900C2615C /* DDPageManager.m */ = {isa = PBXFileReference; fileEncoding = 4; lastKnownFileType = sourcecode.c.objc; path = DDPageManager.m; sourceTree = "<group>"; };
		EB90142C1E5A98AD00C2615C /* DDPageMetaInfo.h */ = {isa = PBXFileReference; fileEncoding = 4; lastKnownFileType = sourcecode.c.h; path = DDPageMetaInfo.h; sourceTree = "<group>"; };
		EB90142D1E5A98AD00C2615C /* DDPageMetaInfo.m */ = {isa = PBXFileReference; fileEncoding = 4; lastKnownFileType = sourcecode.c.objc; path = DDPageMetaInfo.m; sourceTree = "<group>"; };
		EB9014301E5A98BC00C2615C /* DDPageMap.h */ = {isa = PBXFileReference; fileEncoding = 4; lastKnownFileType = sourcecode.c.h; path = DDPageMap.h; sourceTree = "<group>"; };
		EB9014311E5A98BC00C2615C /* DDPageMap.m */ = {isa = PBXFileReference; fileEncoding = 4; lastKnownFileType = sourcecode.c.objc; path = DDPageMap.m; sourceTree = "<group>"; };
		EB9014341E5A99E200C2615C /* NSDictionary+ddframework.h */ = {isa = PBXFileReference; fileEncoding = 4; lastKnownFileType = sourcecode.c.h; path = "NSDictionary+ddframework.h"; sourceTree = "<group>"; };
		EB9014351E5A99E200C2615C /* NSDictionary+ddframework.m */ = {isa = PBXFileReference; fileEncoding = 4; lastKnownFileType = sourcecode.c.objc; path = "NSDictionary+ddframework.m"; sourceTree = "<group>"; };
		EB9014381E5A9C5400C2615C /* DDMacros.h */ = {isa = PBXFileReference; fileEncoding = 4; lastKnownFileType = sourcecode.c.h; path = DDMacros.h; sourceTree = "<group>"; };
		EBD191C81E56CC7600420B35 /* OCStartup.app */ = {isa = PBXFileReference; explicitFileType = wrapper.application; includeInIndex = 0; path = OCStartup.app; sourceTree = BUILT_PRODUCTS_DIR; };
		EBD191CC1E56CC7600420B35 /* main.m */ = {isa = PBXFileReference; lastKnownFileType = sourcecode.c.objc; path = main.m; sourceTree = "<group>"; };
		EBD191CE1E56CC7600420B35 /* AppDelegate.h */ = {isa = PBXFileReference; lastKnownFileType = sourcecode.c.h; path = AppDelegate.h; sourceTree = "<group>"; };
		EBD191CF1E56CC7600420B35 /* AppDelegate.m */ = {isa = PBXFileReference; lastKnownFileType = sourcecode.c.objc; path = AppDelegate.m; sourceTree = "<group>"; };
		EBD191D11E56CC7600420B35 /* ViewController.h */ = {isa = PBXFileReference; lastKnownFileType = sourcecode.c.h; path = ViewController.h; sourceTree = "<group>"; };
		EBD191D21E56CC7600420B35 /* ViewController.m */ = {isa = PBXFileReference; lastKnownFileType = sourcecode.c.objc; path = ViewController.m; sourceTree = "<group>"; };
		EBD191D51E56CC7600420B35 /* Base */ = {isa = PBXFileReference; lastKnownFileType = file.storyboard; name = Base; path = Base.lproj/Main.storyboard; sourceTree = "<group>"; };
		EBD191D71E56CC7600420B35 /* Assets.xcassets */ = {isa = PBXFileReference; lastKnownFileType = folder.assetcatalog; path = Assets.xcassets; sourceTree = "<group>"; };
		EBD191DA1E56CC7600420B35 /* Base */ = {isa = PBXFileReference; lastKnownFileType = file.storyboard; name = Base; path = Base.lproj/LaunchScreen.storyboard; sourceTree = "<group>"; };
		EBD191DC1E56CC7600420B35 /* Info.plist */ = {isa = PBXFileReference; lastKnownFileType = text.plist.xml; path = Info.plist; sourceTree = "<group>"; };
		EBD191E11E56CC7600420B35 /* OCStartupTests.xctest */ = {isa = PBXFileReference; explicitFileType = wrapper.cfbundle; includeInIndex = 0; path = OCStartupTests.xctest; sourceTree = BUILT_PRODUCTS_DIR; };
		EBD191E51E56CC7600420B35 /* OCStartupTests.m */ = {isa = PBXFileReference; lastKnownFileType = sourcecode.c.objc; path = OCStartupTests.m; sourceTree = "<group>"; };
		EBD191E71E56CC7600420B35 /* Info.plist */ = {isa = PBXFileReference; lastKnownFileType = text.plist.xml; path = Info.plist; sourceTree = "<group>"; };
		EBD1920A1E56D82800420B35 /* Aspects.h */ = {isa = PBXFileReference; fileEncoding = 4; lastKnownFileType = sourcecode.c.h; path = Aspects.h; sourceTree = "<group>"; };
		EBD1920B1E56D82800420B35 /* Aspects.m */ = {isa = PBXFileReference; fileEncoding = 4; lastKnownFileType = sourcecode.c.objc; path = Aspects.m; sourceTree = "<group>"; };
		EBD1920E1E56D84200420B35 /* DDUtility.h */ = {isa = PBXFileReference; fileEncoding = 4; lastKnownFileType = sourcecode.c.h; path = DDUtility.h; sourceTree = "<group>"; };
		EBD1920F1E56D84200420B35 /* DDUtility.m */ = {isa = PBXFileReference; fileEncoding = 4; lastKnownFileType = sourcecode.c.objc; path = DDUtility.m; sourceTree = "<group>"; };
		EBD192121E56D8B700420B35 /* DDDataManager.h */ = {isa = PBXFileReference; fileEncoding = 4; lastKnownFileType = sourcecode.c.h; path = DDDataManager.h; sourceTree = "<group>"; };
		EBD192131E56D8B700420B35 /* DDDataManager.m */ = {isa = PBXFileReference; fileEncoding = 4; lastKnownFileType = sourcecode.c.objc; path = DDDataManager.m; sourceTree = "<group>"; };
		EBD192161E56D8C600420B35 /* DDBaseModel.h */ = {isa = PBXFileReference; fileEncoding = 4; lastKnownFileType = sourcecode.c.h; path = DDBaseModel.h; sourceTree = "<group>"; };
		EBD192171E56D8C600420B35 /* DDBaseModel.m */ = {isa = PBXFileReference; fileEncoding = 4; lastKnownFileType = sourcecode.c.objc; path = DDBaseModel.m; sourceTree = "<group>"; };
		EBD1921A1E56D90400420B35 /* DDNetwork.h */ = {isa = PBXFileReference; fileEncoding = 4; lastKnownFileType = sourcecode.c.h; path = DDNetwork.h; sourceTree = "<group>"; };
		EBD1921B1E56D90400420B35 /* DDNetwork.m */ = {isa = PBXFileReference; fileEncoding = 4; lastKnownFileType = sourcecode.c.objc; path = DDNetwork.m; sourceTree = "<group>"; };
		EBD1921E1E56D94200420B35 /* DDHttpManager.h */ = {isa = PBXFileReference; fileEncoding = 4; lastKnownFileType = sourcecode.c.h; path = DDHttpManager.h; sourceTree = "<group>"; };
		EBD1921F1E56D94200420B35 /* DDHttpManager.m */ = {isa = PBXFileReference; fileEncoding = 4; lastKnownFileType = sourcecode.c.objc; path = DDHttpManager.m; sourceTree = "<group>"; };
		EBD192251E56D98200420B35 /* DDBaseController.h */ = {isa = PBXFileReference; fileEncoding = 4; lastKnownFileType = sourcecode.c.h; path = DDBaseController.h; sourceTree = "<group>"; };
		EBD192261E56D98200420B35 /* DDBaseController.m */ = {isa = PBXFileReference; fileEncoding = 4; lastKnownFileType = sourcecode.c.objc; path = DDBaseController.m; sourceTree = "<group>"; };
		EBD192291E56D9BC00420B35 /* DDTableViewCell.h */ = {isa = PBXFileReference; fileEncoding = 4; lastKnownFileType = sourcecode.c.h; path = DDTableViewCell.h; sourceTree = "<group>"; };
		EBD1922A1E56D9BC00420B35 /* DDTableViewCell.m */ = {isa = PBXFileReference; fileEncoding = 4; lastKnownFileType = sourcecode.c.objc; path = DDTableViewCell.m; sourceTree = "<group>"; };
		EBD1922D1E56DA1100420B35 /* DDWebViewController.h */ = {isa = PBXFileReference; fileEncoding = 4; lastKnownFileType = sourcecode.c.h; path = DDWebViewController.h; sourceTree = "<group>"; };
		EBD1922E1E56DA1100420B35 /* DDWebViewController.m */ = {isa = PBXFileReference; fileEncoding = 4; lastKnownFileType = sourcecode.c.objc; path = DDWebViewController.m; sourceTree = "<group>"; };
		EBD192311E56DBEB00420B35 /* DDGlobal.h */ = {isa = PBXFileReference; fileEncoding = 4; lastKnownFileType = sourcecode.c.h; path = DDGlobal.h; sourceTree = "<group>"; };
		EBD192321E56DCB300420B35 /* OCStartup.pch */ = {isa = PBXFileReference; fileEncoding = 4; lastKnownFileType = sourcecode.c.h; path = OCStartup.pch; sourceTree = "<group>"; };
		EBD192331E56DD7600420B35 /* DDConsts.h */ = {isa = PBXFileReference; fileEncoding = 4; lastKnownFileType = sourcecode.c.h; path = DDConsts.h; sourceTree = "<group>"; };
		EBD192341E56DD9000420B35 /* DDDefines.h */ = {isa = PBXFileReference; fileEncoding = 4; lastKnownFileType = sourcecode.c.h; path = DDDefines.h; sourceTree = "<group>"; };
/* End PBXFileReference section */

/* Begin PBXFrameworksBuildPhase section */
		EBD191C51E56CC7600420B35 /* Frameworks */ = {
			isa = PBXFrameworksBuildPhase;
			buildActionMask = 2147483647;
			files = (
			);
			runOnlyForDeploymentPostprocessing = 0;
		};
		EBD191DE1E56CC7600420B35 /* Frameworks */ = {
			isa = PBXFrameworksBuildPhase;
			buildActionMask = 2147483647;
			files = (
			);
			runOnlyForDeploymentPostprocessing = 0;
		};
/* End PBXFrameworksBuildPhase section */

/* Begin PBXGroup section */
		EBD191BF1E56CC7600420B35 = {
			isa = PBXGroup;
			children = (
				EBD191CA1E56CC7600420B35 /* OCStartup */,
				EBD191E41E56CC7600420B35 /* OCStartupTests */,
				EBD191C91E56CC7600420B35 /* Products */,
			);
			sourceTree = "<group>";
		};
		EBD191C91E56CC7600420B35 /* Products */ = {
			isa = PBXGroup;
			children = (
				EBD191C81E56CC7600420B35 /* OCStartup.app */,
				EBD191E11E56CC7600420B35 /* OCStartupTests.xctest */,
			);
			name = Products;
			sourceTree = "<group>";
		};
		EBD191CA1E56CC7600420B35 /* OCStartup */ = {
			isa = PBXGroup;
			children = (
				EBD191FD1E56D60700420B35 /* Foundation */,
				EBD192011E56D60700420B35 /* General */,
				EBD192021E56D60700420B35 /* Sections */,
				EBD192031E56D60700420B35 /* Utility */,
				EBD192081E56D60700420B35 /* Vendor */,
				EBD191F21E56CDB900420B35 /* to_delete */,
				EBD191F11E56CD7C00420B35 /* Resource */,
				EBD191CB1E56CC7600420B35 /* Supporting Files */,
			);
			path = OCStartup;
			sourceTree = "<group>";
		};
		EBD191CB1E56CC7600420B35 /* Supporting Files */ = {
			isa = PBXGroup;
			children = (
				EBD191DC1E56CC7600420B35 /* Info.plist */,
				EBD191CE1E56CC7600420B35 /* AppDelegate.h */,
				EBD191CF1E56CC7600420B35 /* AppDelegate.m */,
				EBD191CC1E56CC7600420B35 /* main.m */,
				EBD192321E56DCB300420B35 /* OCStartup.pch */,
			);
			name = "Supporting Files";
			sourceTree = "<group>";
		};
		EBD191E41E56CC7600420B35 /* OCStartupTests */ = {
			isa = PBXGroup;
			children = (
				EBD191E51E56CC7600420B35 /* OCStartupTests.m */,
				EBD191E71E56CC7600420B35 /* Info.plist */,
			);
			path = OCStartupTests;
			sourceTree = "<group>";
		};
		EBD191F11E56CD7C00420B35 /* Resource */ = {
			isa = PBXGroup;
			children = (
				EBD191D71E56CC7600420B35 /* Assets.xcassets */,
				EBD191D41E56CC7600420B35 /* Main.storyboard */,
				EBD191D91E56CC7600420B35 /* LaunchScreen.storyboard */,
			);
			name = Resource;
			sourceTree = "<group>";
		};
		EBD191F21E56CDB900420B35 /* to_delete */ = {
			isa = PBXGroup;
			children = (
				EBD191D11E56CC7600420B35 /* ViewController.h */,
				EBD191D21E56CC7600420B35 /* ViewController.m */,
			);
			name = to_delete;
			sourceTree = "<group>";
		};
		EBD191FD1E56D60700420B35 /* Foundation */ = {
			isa = PBXGroup;
			children = (
				EBD191FE1E56D60700420B35 /* DataManager */,
				EBD191FF1E56D60700420B35 /* Model */,
				EBD192001E56D60700420B35 /* Network */,
			);
			path = Foundation;
			sourceTree = "<group>";
		};
		EBD191FE1E56D60700420B35 /* DataManager */ = {
			isa = PBXGroup;
			children = (
				EBD192121E56D8B700420B35 /* DDDataManager.h */,
				EBD192131E56D8B700420B35 /* DDDataManager.m */,
			);
			path = DataManager;
			sourceTree = "<group>";
		};
		EBD191FF1E56D60700420B35 /* Model */ = {
			isa = PBXGroup;
			children = (
				EBD192161E56D8C600420B35 /* DDBaseModel.h */,
				EBD192171E56D8C600420B35 /* DDBaseModel.m */,
			);
			path = Model;
			sourceTree = "<group>";
		};
		EBD192001E56D60700420B35 /* Network */ = {
			isa = PBXGroup;
			children = (
				EBD1921A1E56D90400420B35 /* DDNetwork.h */,
				EBD1921B1E56D90400420B35 /* DDNetwork.m */,
				EBD1921E1E56D94200420B35 /* DDHttpManager.h */,
				EBD1921F1E56D94200420B35 /* DDHttpManager.m */,
			);
			path = Network;
			sourceTree = "<group>";
		};
		EBD192011E56D60700420B35 /* General */ = {
			isa = PBXGroup;
			children = (
				EBD192221E56D96A00420B35 /* Controller */,
				EBD192231E56D96A00420B35 /* CustomUI */,
				EBD192241E56D96A00420B35 /* View */,
			);
			path = General;
			sourceTree = "<group>";
		};
		EBD192021E56D60700420B35 /* Sections */ = {
			isa = PBXGroup;
			children = (
			);
			path = Sections;
			sourceTree = "<group>";
		};
		EBD192031E56D60700420B35 /* Utility */ = {
			isa = PBXGroup;
			children = (
				EBD192041E56D60700420B35 /* Category */,
				EBD192051E56D60700420B35 /* Helper */,
				EBD192061E56D60700420B35 /* Macros */,
				EBD192071E56D60700420B35 /* PageManager */,
				EBD1920E1E56D84200420B35 /* DDUtility.h */,
				EBD1920F1E56D84200420B35 /* DDUtility.m */,
			);
			path = Utility;
			sourceTree = "<group>";
		};
		EBD192041E56D60700420B35 /* Category */ = {
			isa = PBXGroup;
			children = (
				EB9014341E5A99E200C2615C /* NSDictionary+ddframework.h */,
				EB9014351E5A99E200C2615C /* NSDictionary+ddframework.m */,
			);
			path = Category;
			sourceTree = "<group>";
		};
		EBD192051E56D60700420B35 /* Helper */ = {
			isa = PBXGroup;
			children = (
			);
			path = Helper;
			sourceTree = "<group>";
		};
		EBD192061E56D60700420B35 /* Macros */ = {
			isa = PBXGroup;
			children = (
				EBD192311E56DBEB00420B35 /* DDGlobal.h */,
				EBD192331E56DD7600420B35 /* DDConsts.h */,
				EBD192341E56DD9000420B35 /* DDDefines.h */,
				EB9014381E5A9C5400C2615C /* DDMacros.h */,
			);
			path = Macros;
			sourceTree = "<group>";
		};
		EBD192071E56D60700420B35 /* PageManager */ = {
			isa = PBXGroup;
			children = (
				EB9014281E5A96D900C2615C /* DDPageManager.h */,
				EB9014291E5A96D900C2615C /* DDPageManager.m */,
				EB90142C1E5A98AD00C2615C /* DDPageMetaInfo.h */,
				EB90142D1E5A98AD00C2615C /* DDPageMetaInfo.m */,
				EB9014301E5A98BC00C2615C /* DDPageMap.h */,
				EB9014311E5A98BC00C2615C /* DDPageMap.m */,
			);
			path = PageManager;
			sourceTree = "<group>";
		};
		EBD192081E56D60700420B35 /* Vendor */ = {
			isa = PBXGroup;
			children = (
				EBD192091E56D82800420B35 /* AOP */,
			);
			path = Vendor;
			sourceTree = "<group>";
		};
		EBD192091E56D82800420B35 /* AOP */ = {
			isa = PBXGroup;
			children = (
				EBD1920A1E56D82800420B35 /* Aspects.h */,
				EBD1920B1E56D82800420B35 /* Aspects.m */,
			);
			path = AOP;
			sourceTree = "<group>";
		};
		EBD192221E56D96A00420B35 /* Controller */ = {
			isa = PBXGroup;
			children = (
				EBD192251E56D98200420B35 /* DDBaseController.h */,
				EBD192261E56D98200420B35 /* DDBaseController.m */,
				EBD1922D1E56DA1100420B35 /* DDWebViewController.h */,
				EBD1922E1E56DA1100420B35 /* DDWebViewController.m */,
			);
			path = Controller;
			sourceTree = "<group>";
		};
		EBD192231E56D96A00420B35 /* CustomUI */ = {
			isa = PBXGroup;
			children = (
			);
			path = CustomUI;
			sourceTree = "<group>";
		};
		EBD192241E56D96A00420B35 /* View */ = {
			isa = PBXGroup;
			children = (
				EBD192291E56D9BC00420B35 /* DDTableViewCell.h */,
				EBD1922A1E56D9BC00420B35 /* DDTableViewCell.m */,
			);
			path = View;
			sourceTree = "<group>";
		};
/* End PBXGroup section */

/* Begin PBXNativeTarget section */
		EBD191C71E56CC7600420B35 /* OCStartup */ = {
			isa = PBXNativeTarget;
			buildConfigurationList = EBD191EA1E56CC7600420B35 /* Build configuration list for PBXNativeTarget "OCStartup" */;
			buildPhases = (
				EBD191C41E56CC7600420B35 /* Sources */,
				EBD191C51E56CC7600420B35 /* Frameworks */,
				EBD191C61E56CC7600420B35 /* Resources */,
			);
			buildRules = (
			);
			dependencies = (
			);
			name = OCStartup;
			productName = OCStartup;
			productReference = EBD191C81E56CC7600420B35 /* OCStartup.app */;
			productType = "com.apple.product-type.application";
		};
		EBD191E01E56CC7600420B35 /* OCStartupTests */ = {
			isa = PBXNativeTarget;
			buildConfigurationList = EBD191ED1E56CC7600420B35 /* Build configuration list for PBXNativeTarget "OCStartupTests" */;
			buildPhases = (
				EBD191DD1E56CC7600420B35 /* Sources */,
				EBD191DE1E56CC7600420B35 /* Frameworks */,
				EBD191DF1E56CC7600420B35 /* Resources */,
			);
			buildRules = (
			);
			dependencies = (
				EBD191E31E56CC7600420B35 /* PBXTargetDependency */,
			);
			name = OCStartupTests;
			productName = OCStartupTests;
			productReference = EBD191E11E56CC7600420B35 /* OCStartupTests.xctest */;
			productType = "com.apple.product-type.bundle.unit-test";
		};
/* End PBXNativeTarget section */

/* Begin PBXProject section */
		EBD191C01E56CC7600420B35 /* Project object */ = {
			isa = PBXProject;
			attributes = {
				CLASSPREFIX = DD;
				LastUpgradeCheck = 0820;
				ORGANIZATIONNAME = "Yanchen Wang";
				TargetAttributes = {
					EBD191C71E56CC7600420B35 = {
						CreatedOnToolsVersion = 8.2.1;
						DevelopmentTeam = 924RHBKCES;
						ProvisioningStyle = Automatic;
					};
					EBD191E01E56CC7600420B35 = {
						CreatedOnToolsVersion = 8.2.1;
						ProvisioningStyle = Automatic;
						TestTargetID = EBD191C71E56CC7600420B35;
					};
				};
			};
			buildConfigurationList = EBD191C31E56CC7600420B35 /* Build configuration list for PBXProject "OCStartup" */;
			compatibilityVersion = "Xcode 3.2";
			developmentRegion = English;
			hasScannedForEncodings = 0;
			knownRegions = (
				en,
				Base,
			);
			mainGroup = EBD191BF1E56CC7600420B35;
			productRefGroup = EBD191C91E56CC7600420B35 /* Products */;
			projectDirPath = "";
			projectRoot = "";
			targets = (
				EBD191C71E56CC7600420B35 /* OCStartup */,
				EBD191E01E56CC7600420B35 /* OCStartupTests */,
			);
		};
/* End PBXProject section */

/* Begin PBXResourcesBuildPhase section */
		EBD191C61E56CC7600420B35 /* Resources */ = {
			isa = PBXResourcesBuildPhase;
			buildActionMask = 2147483647;
			files = (
				EBD191DB1E56CC7600420B35 /* LaunchScreen.storyboard in Resources */,
				EBD191D81E56CC7600420B35 /* Assets.xcassets in Resources */,
				EBD191D61E56CC7600420B35 /* Main.storyboard in Resources */,
			);
			runOnlyForDeploymentPostprocessing = 0;
		};
		EBD191DF1E56CC7600420B35 /* Resources */ = {
			isa = PBXResourcesBuildPhase;
			buildActionMask = 2147483647;
			files = (
			);
			runOnlyForDeploymentPostprocessing = 0;
		};
/* End PBXResourcesBuildPhase section */

/* Begin PBXSourcesBuildPhase section */
		EBD191C41E56CC7600420B35 /* Sources */ = {
			isa = PBXSourcesBuildPhase;
			buildActionMask = 2147483647;
			files = (
				EB90142A1E5A96D900C2615C /* DDPageManager.m in Sources */,
				EBD192271E56D98200420B35 /* DDBaseController.m in Sources */,
				EBD1921C1E56D90400420B35 /* DDNetwork.m in Sources */,
				EBD192101E56D84200420B35 /* DDUtility.m in Sources */,
				EBD192141E56D8B700420B35 /* DDDataManager.m in Sources */,
				EBD191D31E56CC7600420B35 /* ViewController.m in Sources */,
				EBD1922F1E56DA1100420B35 /* DDWebViewController.m in Sources */,
				EBD192181E56D8C600420B35 /* DDBaseModel.m in Sources */,
				EBD191D01E56CC7600420B35 /* AppDelegate.m in Sources */,
				EB9014321E5A98BC00C2615C /* DDPageMap.m in Sources */,
				EB90142E1E5A98AD00C2615C /* DDPageMetaInfo.m in Sources */,
				EBD191CD1E56CC7600420B35 /* main.m in Sources */,
				EBD1920C1E56D82800420B35 /* Aspects.m in Sources */,
				EB9014361E5A99E200C2615C /* NSDictionary+ddframework.m in Sources */,
				EBD1922B1E56D9BC00420B35 /* DDTableViewCell.m in Sources */,
				EBD192201E56D94200420B35 /* DDHttpManager.m in Sources */,
			);
			runOnlyForDeploymentPostprocessing = 0;
		};
		EBD191DD1E56CC7600420B35 /* Sources */ = {
			isa = PBXSourcesBuildPhase;
			buildActionMask = 2147483647;
			files = (
				EBD191E61E56CC7600420B35 /* OCStartupTests.m in Sources */,
				EBD192301E56DA1100420B35 /* DDWebViewController.m in Sources */,
				EBD1920D1E56D82800420B35 /* Aspects.m in Sources */,
				EBD1921D1E56D90400420B35 /* DDNetwork.m in Sources */,
				EBD192211E56D94200420B35 /* DDHttpManager.m in Sources */,
				EBD192281E56D98200420B35 /* DDBaseController.m in Sources */,
				EB90142B1E5A96D900C2615C /* DDPageManager.m in Sources */,
				EB9014331E5A98BC00C2615C /* DDPageMap.m in Sources */,
				EBD192191E56D8C600420B35 /* DDBaseModel.m in Sources */,
				EBD192111E56D84200420B35 /* DDUtility.m in Sources */,
				EBD192151E56D8B700420B35 /* DDDataManager.m in Sources */,
				EBD1922C1E56D9BC00420B35 /* DDTableViewCell.m in Sources */,
				EB90142F1E5A98AD00C2615C /* DDPageMetaInfo.m in Sources */,
				EB9014371E5A99E200C2615C /* NSDictionary+ddframework.m in Sources */,
			);
			runOnlyForDeploymentPostprocessing = 0;
		};
/* End PBXSourcesBuildPhase section */

/* Begin PBXTargetDependency section */
		EBD191E31E56CC7600420B35 /* PBXTargetDependency */ = {
			isa = PBXTargetDependency;
			target = EBD191C71E56CC7600420B35 /* OCStartup */;
			targetProxy = EBD191E21E56CC7600420B35 /* PBXContainerItemProxy */;
		};
/* End PBXTargetDependency section */

/* Begin PBXVariantGroup section */
		EBD191D41E56CC7600420B35 /* Main.storyboard */ = {
			isa = PBXVariantGroup;
			children = (
				EBD191D51E56CC7600420B35 /* Base */,
			);
			name = Main.storyboard;
			sourceTree = "<group>";
		};
		EBD191D91E56CC7600420B35 /* LaunchScreen.storyboard */ = {
			isa = PBXVariantGroup;
			children = (
				EBD191DA1E56CC7600420B35 /* Base */,
			);
			name = LaunchScreen.storyboard;
			sourceTree = "<group>";
		};
/* End PBXVariantGroup section */

/* Begin XCBuildConfiguration section */
		EBD191E81E56CC7600420B35 /* Debug */ = {
			isa = XCBuildConfiguration;
			buildSettings = {
				ALWAYS_SEARCH_USER_PATHS = NO;
				CLANG_ANALYZER_NONNULL = YES;
				CLANG_CXX_LANGUAGE_STANDARD = "gnu++0x";
				CLANG_CXX_LIBRARY = "libc++";
				CLANG_ENABLE_MODULES = YES;
				CLANG_ENABLE_OBJC_ARC = YES;
				CLANG_WARN_BOOL_CONVERSION = YES;
				CLANG_WARN_CONSTANT_CONVERSION = YES;
				CLANG_WARN_DIRECT_OBJC_ISA_USAGE = YES_ERROR;
				CLANG_WARN_DOCUMENTATION_COMMENTS = YES;
				CLANG_WARN_EMPTY_BODY = YES;
				CLANG_WARN_ENUM_CONVERSION = YES;
				CLANG_WARN_INFINITE_RECURSION = YES;
				CLANG_WARN_INT_CONVERSION = YES;
				CLANG_WARN_OBJC_ROOT_CLASS = YES_ERROR;
				CLANG_WARN_SUSPICIOUS_MOVE = YES;
				CLANG_WARN_UNREACHABLE_CODE = YES;
				CLANG_WARN__DUPLICATE_METHOD_MATCH = YES;
				"CODE_SIGN_IDENTITY[sdk=iphoneos*]" = "iPhone Developer";
				COPY_PHASE_STRIP = NO;
				DEBUG_INFORMATION_FORMAT = dwarf;
				ENABLE_STRICT_OBJC_MSGSEND = YES;
				ENABLE_TESTABILITY = YES;
				GCC_C_LANGUAGE_STANDARD = gnu99;
				GCC_DYNAMIC_NO_PIC = NO;
				GCC_NO_COMMON_BLOCKS = YES;
				GCC_OPTIMIZATION_LEVEL = 0;
				GCC_PREPROCESSOR_DEFINITIONS = (
					"DEBUG=1",
					"$(inherited)",
				);
				GCC_WARN_64_TO_32_BIT_CONVERSION = YES;
				GCC_WARN_ABOUT_RETURN_TYPE = YES_ERROR;
				GCC_WARN_UNDECLARED_SELECTOR = YES;
				GCC_WARN_UNINITIALIZED_AUTOS = YES_AGGRESSIVE;
				GCC_WARN_UNUSED_FUNCTION = YES;
				GCC_WARN_UNUSED_VARIABLE = YES;
				IPHONEOS_DEPLOYMENT_TARGET = 10.2;
				MTL_ENABLE_DEBUG_INFO = YES;
				ONLY_ACTIVE_ARCH = YES;
				SDKROOT = iphoneos;
				TARGETED_DEVICE_FAMILY = "1,2";
			};
			name = Debug;
		};
		EBD191E91E56CC7600420B35 /* Release */ = {
			isa = XCBuildConfiguration;
			buildSettings = {
				ALWAYS_SEARCH_USER_PATHS = NO;
				CLANG_ANALYZER_NONNULL = YES;
				CLANG_CXX_LANGUAGE_STANDARD = "gnu++0x";
				CLANG_CXX_LIBRARY = "libc++";
				CLANG_ENABLE_MODULES = YES;
				CLANG_ENABLE_OBJC_ARC = YES;
				CLANG_WARN_BOOL_CONVERSION = YES;
				CLANG_WARN_CONSTANT_CONVERSION = YES;
				CLANG_WARN_DIRECT_OBJC_ISA_USAGE = YES_ERROR;
				CLANG_WARN_DOCUMENTATION_COMMENTS = YES;
				CLANG_WARN_EMPTY_BODY = YES;
				CLANG_WARN_ENUM_CONVERSION = YES;
				CLANG_WARN_INFINITE_RECURSION = YES;
				CLANG_WARN_INT_CONVERSION = YES;
				CLANG_WARN_OBJC_ROOT_CLASS = YES_ERROR;
				CLANG_WARN_SUSPICIOUS_MOVE = YES;
				CLANG_WARN_UNREACHABLE_CODE = YES;
				CLANG_WARN__DUPLICATE_METHOD_MATCH = YES;
				"CODE_SIGN_IDENTITY[sdk=iphoneos*]" = "iPhone Developer";
				COPY_PHASE_STRIP = NO;
				DEBUG_INFORMATION_FORMAT = "dwarf-with-dsym";
				ENABLE_NS_ASSERTIONS = NO;
				ENABLE_STRICT_OBJC_MSGSEND = YES;
				GCC_C_LANGUAGE_STANDARD = gnu99;
				GCC_NO_COMMON_BLOCKS = YES;
				GCC_WARN_64_TO_32_BIT_CONVERSION = YES;
				GCC_WARN_ABOUT_RETURN_TYPE = YES_ERROR;
				GCC_WARN_UNDECLARED_SELECTOR = YES;
				GCC_WARN_UNINITIALIZED_AUTOS = YES_AGGRESSIVE;
				GCC_WARN_UNUSED_FUNCTION = YES;
				GCC_WARN_UNUSED_VARIABLE = YES;
				IPHONEOS_DEPLOYMENT_TARGET = 10.2;
				MTL_ENABLE_DEBUG_INFO = NO;
				SDKROOT = iphoneos;
				TARGETED_DEVICE_FAMILY = "1,2";
				VALIDATE_PRODUCT = YES;
			};
			name = Release;
		};
		EBD191EB1E56CC7600420B35 /* Debug */ = {
			isa = XCBuildConfiguration;
			buildSettings = {
				ASSETCATALOG_COMPILER_APPICON_NAME = AppIcon;
				DEVELOPMENT_TEAM = 924RHBKCES;
				GCC_PREFIX_HEADER = OCStartup/OCStartup.pch;
				INFOPLIST_FILE = OCStartup/Info.plist;
				IPHONEOS_DEPLOYMENT_TARGET = 8.0;
				LD_RUNPATH_SEARCH_PATHS = "$(inherited) @executable_path/Frameworks";
				PRODUCT_BUNDLE_IDENTIFIER = com.morenjojo.OCStartup;
				PRODUCT_NAME = "$(TARGET_NAME)";
			};
			name = Debug;
		};
		EBD191EC1E56CC7600420B35 /* Release */ = {
			isa = XCBuildConfiguration;
			buildSettings = {
				ASSETCATALOG_COMPILER_APPICON_NAME = AppIcon;
				DEVELOPMENT_TEAM = 924RHBKCES;
				GCC_PREFIX_HEADER = OCStartup/OCStartup.pch;
				INFOPLIST_FILE = OCStartup/Info.plist;
				IPHONEOS_DEPLOYMENT_TARGET = 8.0;
				LD_RUNPATH_SEARCH_PATHS = "$(inherited) @executable_path/Frameworks";
				PRODUCT_BUNDLE_IDENTIFIER = com.morenjojo.OCStartup;
				PRODUCT_NAME = "$(TARGET_NAME)";
			};
			name = Release;
		};
		EBD191EE1E56CC7600420B35 /* Debug */ = {
			isa = XCBuildConfiguration;
			buildSettings = {
				BUNDLE_LOADER = "$(TEST_HOST)";
				INFOPLIST_FILE = OCStartupTests/Info.plist;
				LD_RUNPATH_SEARCH_PATHS = "$(inherited) @executable_path/Frameworks @loader_path/Frameworks";
				PRODUCT_BUNDLE_IDENTIFIER = morenjojo.OCStartupTests;
				PRODUCT_NAME = "$(TARGET_NAME)";
				TEST_HOST = "$(BUILT_PRODUCTS_DIR)/OCStartup.app/OCStartup";
			};
			name = Debug;
		};
		EBD191EF1E56CC7600420B35 /* Release */ = {
			isa = XCBuildConfiguration;
			buildSettings = {
				BUNDLE_LOADER = "$(TEST_HOST)";
				INFOPLIST_FILE = OCStartupTests/Info.plist;
				LD_RUNPATH_SEARCH_PATHS = "$(inherited) @executable_path/Frameworks @loader_path/Frameworks";
				PRODUCT_BUNDLE_IDENTIFIER = morenjojo.OCStartupTests;
				PRODUCT_NAME = "$(TARGET_NAME)";
				TEST_HOST = "$(BUILT_PRODUCTS_DIR)/OCStartup.app/OCStartup";
			};
			name = Release;
		};
/* End XCBuildConfiguration section */

/* Begin XCConfigurationList section */
		EBD191C31E56CC7600420B35 /* Build configuration list for PBXProject "OCStartup" */ = {
			isa = XCConfigurationList;
			buildConfigurations = (
				EBD191E81E56CC7600420B35 /* Debug */,
				EBD191E91E56CC7600420B35 /* Release */,
			);
			defaultConfigurationIsVisible = 0;
			defaultConfigurationName = Release;
		};
		EBD191EA1E56CC7600420B35 /* Build configuration list for PBXNativeTarget "OCStartup" */ = {
			isa = XCConfigurationList;
			buildConfigurations = (
				EBD191EB1E56CC7600420B35 /* Debug */,
				EBD191EC1E56CC7600420B35 /* Release */,
			);
			defaultConfigurationIsVisible = 0;
			defaultConfigurationName = Release;
		};
		EBD191ED1E56CC7600420B35 /* Build configuration list for PBXNativeTarget "OCStartupTests" */ = {
			isa = XCConfigurationList;
			buildConfigurations = (
				EBD191EE1E56CC7600420B35 /* Debug */,
				EBD191EF1E56CC7600420B35 /* Release */,
			);
			defaultConfigurationIsVisible = 0;
			defaultConfigurationName = Release;
		};
/* End XCConfigurationList section */
	};
	rootObject = EBD191C01E56CC7600420B35 /* Project object */;
}
